
Microsoft Visual Studio Solution File, Format Version 12.00
# Visual Studio Version 17
VisualStudioVersion = 17.14.36518.9
MinimumVisualStudioVersion = 10.0.40219.1
Project("{FAE04EC0-301F-11D3-BF4B-00C04F79EFBC}") = "SuntoryManagementSystem_WPF", "SuntoryManagementSystem\SuntoryManagementSystem_WPF.csproj", "{440BAC40-BC3B-461F-ABC7-0AA665A7F09A}"
EndProject
Project("{FAE04EC0-301F-11D3-BF4B-00C04F79EFBC}") = "SuntoryManagementSystem_Models", "SuntoryManagementSystem_Models\SuntoryManagementSystem_Models.csproj", "{00E9608A-2552-4532-98D8-D0DF810CB138}"
EndProject
Project("{FAE04EC0-301F-11D3-BF4B-00C04F79EFBC}") = "SuntoryManagementSystem_Cons", "SuntoryManagementSystem_Cons\SuntoryManagementSystem_Cons.csproj", "{B2AC5E43-DD76-4C48-A7A6-57AB7A86279D}"
EndProject
Global
	GlobalSection(SolutionConfigurationPlatforms) = preSolution
		Debug|Any CPU = Debug|Any CPU
		Release|Any CPU = Release|Any CPU
	EndGlobalSection
	GlobalSection(ProjectConfigurationPlatforms) = postSolution
		{440BAC40-BC3B-461F-ABC7-0AA665A7F09A}.Debug|Any CPU.ActiveCfg = Debug|Any CPU
		{440BAC40-BC3B-461F-ABC7-0AA665A7F09A}.Debug|Any CPU.Build.0 = Debug|Any CPU
		{440BAC40-BC3B-461F-ABC7-0AA665A7F09A}.Release|Any CPU.ActiveCfg = Release|Any CPU
		{440BAC40-BC3B-461F-ABC7-0AA665A7F09A}.Release|Any CPU.Build.0 = Release|Any CPU
		{00E9608A-2552-4532-98D8-D0DF810CB138}.Debug|Any CPU.ActiveCfg = Debug|Any CPU
		{00E9608A-2552-4532-98D8-D0DF810CB138}.Debug|Any CPU.Build.0 = Debug|Any CPU
		{00E9608A-2552-4532-98D8-D0DF810CB138}.Release|Any CPU.ActiveCfg = Release|Any CPU
		{00E9608A-2552-4532-98D8-D0DF810CB138}.Release|Any CPU.Build.0 = Release|Any CPU
		{B2AC5E43-DD76-4C48-A7A6-57AB7A86279D}.Debug|Any CPU.ActiveCfg = Debug|Any CPU
		{B2AC5E43-DD76-4C48-A7A6-57AB7A86279D}.Debug|Any CPU.Build.0 = Debug|Any CPU
		{B2AC5E43-DD76-4C48-A7A6-57AB7A86279D}.Release|Any CPU.ActiveCfg = Release|Any CPU
		{B2AC5E43-DD76-4C48-A7A6-57AB7A86279D}.Release|Any CPU.Build.0 = Release|Any CPU
	EndGlobalSection
	GlobalSection(SolutionProperties) = preSolution
		HideSolutionNode = FALSE
	EndGlobalSection
	GlobalSection(ExtensibilityGlobals) = postSolution
		SolutionGuid = {1E44BEFC-8793-4E31-90B4-5FBC9A9CDEC0}
	EndGlobalSection
EndGlobal
